
Microsoft Visual Studio Solution File, Format Version 12.00
# Visual Studio 15
VisualStudioVersion = 15.0.27130.2026
MinimumVisualStudioVersion = 10.0.40219.1
Project("{DA7A21FA-8162-4350-AD77-A8D1B671F3ED}") = "01-SinaNews", "01-SinaNews\01-SinaNews.rxproj", "{74497FBE-C8C9-44E6-BA6F-AB2A2C900B83}"
EndProject
Project("{DA7A21FA-8162-4350-AD77-A8D1B671F3ED}") = "02-MergeHedgeFund", "02-MergeHedgeFund\02-MergeHedgeFund.rxproj", "{6CCD1CEC-6975-4A38-9862-E82DDAB9CD0A}"
EndProject
Project("{DA7A21FA-8162-4350-AD77-A8D1B671F3ED}") = "04-Politician", "04-Politician\04-Politician.rxproj", "{A309B054-F96B-4801-B203-7F2EF3E987F6}"
EndProject
Project("{DA7A21FA-8162-4350-AD77-A8D1B671F3ED}") = "03-Guba", "03-Guba\03-Guba.rxproj", "{2696C0DC-D497-47EF-8112-7BC749D175B9}"
EndProject
Project("{DA7A21FA-8162-4350-AD77-A8D1B671F3ED}") = "05-AdEconomics", "05-AdEconomics\05-AdEconomics.rxproj", "{FF2804CE-49BA-4D2E-9D4F-DF0EB88CC281}"
EndProject
Project("{DA7A21FA-8162-4350-AD77-A8D1B671F3ED}") = "00-Testing", "06-Testing\00-Testing.rxproj", "{8D4FAF22-5366-4A7A-A62D-6C6B51DDF69F}"
EndProject
Project("{DA7A21FA-8162-4350-AD77-A8D1B671F3ED}") = "06-Packages", "07-Packages\06-Packages.rxproj", "{EC3E5680-F8E9-489F-9806-78403D14AA0D}"
EndProject
Global
	GlobalSection(SolutionConfigurationPlatforms) = preSolution
		Debug|Any CPU = Debug|Any CPU
		Release|Any CPU = Release|Any CPU
	EndGlobalSection
	GlobalSection(ProjectConfigurationPlatforms) = postSolution
		{74497FBE-C8C9-44E6-BA6F-AB2A2C900B83}.Debug|Any CPU.ActiveCfg = Debug|Any CPU
		{74497FBE-C8C9-44E6-BA6F-AB2A2C900B83}.Debug|Any CPU.Build.0 = Debug|Any CPU
		{74497FBE-C8C9-44E6-BA6F-AB2A2C900B83}.Release|Any CPU.ActiveCfg = Debug|Any CPU
		{74497FBE-C8C9-44E6-BA6F-AB2A2C900B83}.Release|Any CPU.Build.0 = Debug|Any CPU
		{6CCD1CEC-6975-4A38-9862-E82DDAB9CD0A}.Debug|Any CPU.ActiveCfg = Debug|Any CPU
		{6CCD1CEC-6975-4A38-9862-E82DDAB9CD0A}.Debug|Any CPU.Build.0 = Debug|Any CPU
		{6CCD1CEC-6975-4A38-9862-E82DDAB9CD0A}.Release|Any CPU.ActiveCfg = Release|Any CPU
		{6CCD1CEC-6975-4A38-9862-E82DDAB9CD0A}.Release|Any CPU.Build.0 = Release|Any CPU
		{A309B054-F96B-4801-B203-7F2EF3E987F6}.Debug|Any CPU.ActiveCfg = Debug|Any CPU
		{A309B054-F96B-4801-B203-7F2EF3E987F6}.Debug|Any CPU.Build.0 = Debug|Any CPU
		{A309B054-F96B-4801-B203-7F2EF3E987F6}.Release|Any CPU.ActiveCfg = Release|Any CPU
		{A309B054-F96B-4801-B203-7F2EF3E987F6}.Release|Any CPU.Build.0 = Release|Any CPU
		{2696C0DC-D497-47EF-8112-7BC749D175B9}.Debug|Any CPU.ActiveCfg = Debug|Any CPU
		{2696C0DC-D497-47EF-8112-7BC749D175B9}.Debug|Any CPU.Build.0 = Debug|Any CPU
		{2696C0DC-D497-47EF-8112-7BC749D175B9}.Release|Any CPU.ActiveCfg = Release|Any CPU
		{2696C0DC-D497-47EF-8112-7BC749D175B9}.Release|Any CPU.Build.0 = Release|Any CPU
		{FF2804CE-49BA-4D2E-9D4F-DF0EB88CC281}.Debug|Any CPU.ActiveCfg = Debug|Any CPU
		{FF2804CE-49BA-4D2E-9D4F-DF0EB88CC281}.Debug|Any CPU.Build.0 = Debug|Any CPU
		{FF2804CE-49BA-4D2E-9D4F-DF0EB88CC281}.Release|Any CPU.ActiveCfg = Release|Any CPU
		{FF2804CE-49BA-4D2E-9D4F-DF0EB88CC281}.Release|Any CPU.Build.0 = Release|Any CPU
		{8D4FAF22-5366-4A7A-A62D-6C6B51DDF69F}.Debug|Any CPU.ActiveCfg = Debug|Any CPU
		{8D4FAF22-5366-4A7A-A62D-6C6B51DDF69F}.Debug|Any CPU.Build.0 = Debug|Any CPU
		{8D4FAF22-5366-4A7A-A62D-6C6B51DDF69F}.Release|Any CPU.ActiveCfg = Release|Any CPU
		{8D4FAF22-5366-4A7A-A62D-6C6B51DDF69F}.Release|Any CPU.Build.0 = Release|Any CPU
		{EC3E5680-F8E9-489F-9806-78403D14AA0D}.Debug|Any CPU.ActiveCfg = Debug|Any CPU
		{EC3E5680-F8E9-489F-9806-78403D14AA0D}.Debug|Any CPU.Build.0 = Debug|Any CPU
		{EC3E5680-F8E9-489F-9806-78403D14AA0D}.Release|Any CPU.ActiveCfg = Release|Any CPU
		{EC3E5680-F8E9-489F-9806-78403D14AA0D}.Release|Any CPU.Build.0 = Release|Any CPU
	EndGlobalSection
	GlobalSection(SolutionProperties) = preSolution
		HideSolutionNode = FALSE
	EndGlobalSection
	GlobalSection(ExtensibilityGlobals) = postSolution
		SolutionGuid = {97A2CDF6-4D07-461C-93BA-97C9FA734B44}
	EndGlobalSection
EndGlobal
