
Microsoft Visual Studio Solution File, Format Version 12.00
# Visual Studio 15
VisualStudioVersion = 15.0.26730.16
MinimumVisualStudioVersion = 10.0.40219.1
Project("{DA7A21FA-8162-4350-AD77-A8D1B671F3ED}") = "01-SinaNews", "01-SinaNews\01-SinaNews.rxproj", "{74497FBE-C8C9-44E6-BA6F-AB2A2C900B83}"
EndProject
Global
	GlobalSection(SolutionConfigurationPlatforms) = preSolution
		Debug|Any CPU = Debug|Any CPU
		Release|Any CPU = Release|Any CPU
	EndGlobalSection
	GlobalSection(ProjectConfigurationPlatforms) = postSolution
		{74497FBE-C8C9-44E6-BA6F-AB2A2C900B83}.Debug|Any CPU.ActiveCfg = Debug|Any CPU
		{74497FBE-C8C9-44E6-BA6F-AB2A2C900B83}.Debug|Any CPU.Build.0 = Debug|Any CPU
		{74497FBE-C8C9-44E6-BA6F-AB2A2C900B83}.Release|Any CPU.ActiveCfg = Release|Any CPU
		{74497FBE-C8C9-44E6-BA6F-AB2A2C900B83}.Release|Any CPU.Build.0 = Release|Any CPU
	EndGlobalSection
	GlobalSection(SolutionProperties) = preSolution
		HideSolutionNode = FALSE
	EndGlobalSection
	GlobalSection(ExtensibilityGlobals) = postSolution
		SolutionGuid = {97A2CDF6-4D07-461C-93BA-97C9FA734B44}
	EndGlobalSection
EndGlobal
